resolved_at: 2026-08-25T17:26:46.162Z
project_slug: evskill
packs:
  - id: repo
    source: ./
    ref: e5676224173b7fa893f230a48a746dd575cadd81
    pack_version: 1
effective:
  agents_count: 0
  teams_count: 0
  routes_count: 0
  profiles_count: 0
  agents_hash: 4f217137
  teams_hash: 52ae42b5
  chat_hash: 6eace17b
